<Solution>
  <Folder Name="/src/">
    <Project Path="src/CleanArch.AppHost/CleanArch.AppHost.csproj" />
    <Project Path="src/CleanArch.Application/CleanArch.Application.csproj" />
    <Project Path="src/CleanArch.Domain/CleanArch.Domain.csproj" />
    <Project Path="src/CleanArch.Infrastructure/CleanArch.Infrastructure.csproj" />
    <Project Path="src/CleanArch.ServiceDefaults/CleanArch.ServiceDefaults.csproj" />
    <Project Path="src/CleanArch.WebApi/CleanArch.WebApi.csproj" />
  </Folder>
  <Folder Name="/tests/">
    <Project Path="tests/CleanArch.UnitTests/CleanArch.UnitTests.csproj" />
  </Folder>
</Solution>

